#MicroXplorer Configuration settings - do not modify
File.Version=6
KeepUserPlacement=false
Mcu.Family=STM32F7
Mcu.IP0=CORTEX_M7
Mcu.IP1=CRC
Mcu.IP2=NVIC
Mcu.IP3=RCC
Mcu.IP4=SYS
Mcu.IP5=USART1
Mcu.IP6=USART3
Mcu.IPNb=7
Mcu.Name=STM32F746NGHx
Mcu.Package=TFBGA216
Mcu.Pin0=PB7
Mcu.Pin1=PA9
Mcu.Pin2=PD9
Mcu.Pin3=PD8
Mcu.Pin4=VP_CRC_VS_CRC
Mcu.Pin5=VP_SYS_VS_Systick
Mcu.Pin6=VP_STMicroelectronics.X-CUBE-AI_VS_ArtificialOoIntelligenceJjCore_3.3.0
Mcu.Pin7=VP_STMicroelectronics.X-CUBE-AI_VS_ArtificialOoIntelligenceJjApplication_3.3.0
Mcu.PinsNb=8
Mcu.ThirdParty0=STMicroelectronics.X-CUBE-AI.3.3.0
Mcu.ThirdPartyNb=1
Mcu.UserConstants=
Mcu.UserName=STM32F746NGHx
MxCube.Version=5.0.0
MxDb.Version=DB.5.0.0
NVIC.BusFault_IRQn=true\:0\:0\:false\:false\:true\:false
NVIC.DebugMonitor_IRQn=true\:0\:0\:false\:false\:true\:false
NVIC.HardFault_IRQn=true\:0\:0\:false\:false\:true\:false
NVIC.MemoryManagement_IRQn=true\:0\:0\:false\:false\:true\:false
NVIC.NonMaskableInt_IRQn=true\:0\:0\:false\:false\:true\:false
NVIC.PendSV_IRQn=true\:0\:0\:false\:false\:true\:false
NVIC.PriorityGroup=NVIC_PRIORITYGROUP_4
NVIC.SVCall_IRQn=true\:0\:0\:false\:false\:true\:false
NVIC.SysTick_IRQn=true\:0\:0\:false\:false\:true\:false
NVIC.UsageFault_IRQn=true\:0\:0\:false\:false\:true\:false
PA9.Locked=true
PA9.Mode=Asynchronous
PA9.Signal=USART1_TX
PB7.Locked=true
PB7.Mode=Asynchronous
PB7.Signal=USART1_RX
PCC.Checker=false
PCC.Line=STM32F7x6
PCC.MCU=STM32F746NGHx
PCC.PartNumber=STM32F746NGHx
PCC.Seq0=0
PCC.Series=STM32F7
PCC.Temperature=25
PCC.Vdd=3.3
PD8.Mode=Asynchronous
PD8.Signal=USART3_TX
PD9.Mode=Asynchronous
PD9.Signal=USART3_RX
PinOutPanel.CurrentBGAView=Top
PinOutPanel.RotationAngle=0
ProjectManager.AskForMigrate=true
ProjectManager.BackupPrevious=false
ProjectManager.CompilerOptimize=6
ProjectManager.ComputerToolchain=false
ProjectManager.CoupleFile=false
ProjectManager.CustomerFirmwarePackage=
ProjectManager.DefaultFWLocation=true
ProjectManager.DeletePrevious=true
ProjectManager.DeviceId=STM32F746NGHx
ProjectManager.FirmwarePackage=STM32Cube FW_F7 V1.14.0
ProjectManager.FreePins=false
ProjectManager.HalAssertFull=false
ProjectManager.HeapSize=0x2000
ProjectManager.KeepUserCode=true
ProjectManager.LastFirmware=true
ProjectManager.LibraryCopy=0
ProjectManager.MainLocation=Src
ProjectManager.NoMain=false
ProjectManager.PreviousToolchain=
ProjectManager.ProjectBuild=false
ProjectManager.ProjectFileName=Test_house_on_target.ioc
ProjectManager.ProjectName=Test_house_on_target
ProjectManager.StackSize=0x800
ProjectManager.TargetToolchain=EWARM V8
ProjectManager.ToolChainLocation=
ProjectManager.UnderRoot=false
ProjectManager.functionlistsort=1-MX_GPIO_Init-GPIO-false-HAL-true,2-MX_CORTEX_M7_Init-CORTEX_M7-false-HAL-true,3-MX_CRC_Init-CRC-false-HAL-true,4-SystemClock_Config-RCC-false-HAL-false,5-MX_USART3_UART_Init-USART3-false-HAL-true,6-MX_USART1_UART_Init-USART1-true-HAL-false,7-MX_X_CUBE_AI_Init-STMicroelectronics.X-CUBE-AI.3.3.0-false-HAL-true,8-MX_X_CUBE_AI_Process-STMicroelectronics.X-CUBE-AI.3.3.0-false-HAL-true
RCC.CECFreq_Value=32786.88524590164
RCC.FamilyName=M
RCC.HSE_VALUE=25000000
RCC.HSI_VALUE=16000000
RCC.I2SFreq_Value=96000000
RCC.IPParameters=CECFreq_Value,FamilyName,HSE_VALUE,HSI_VALUE,I2SFreq_Value,LCDTFToutputFreq_Value,LSE_VALUE,LSI_VALUE,PLLCLKFreq_Value,PLLI2SPCLKFreq_Value,PLLI2SQCLKFreq_Value,PLLI2SRCLKFreq_Value,PLLQCLKFreq_Value,PLLSAIPCLKFreq_Value,PLLSAIQCLKFreq_Value,PLLSAIRCLKFreq_Value,PLLSAIoutputFreq_Value,RNGFreq_Value,SAI1Freq_Value,SAI2Freq_Value,SDMMCFreq_Value,SPDIFRXFreq_Value,USBFreq_Value,VCOI2SOutputFreq_Value,VCOInputFreq_Value,VCOOutputFreq_Value,VCOSAIOutputFreq_Value
RCC.LCDTFToutputFreq_Value=48000000
RCC.LSE_VALUE=32768
RCC.LSI_VALUE=32000
RCC.PLLCLKFreq_Value=96000000
RCC.PLLI2SPCLKFreq_Value=96000000
RCC.PLLI2SQCLKFreq_Value=96000000
RCC.PLLI2SRCLKFreq_Value=96000000
RCC.PLLQCLKFreq_Value=96000000
RCC.PLLSAIPCLKFreq_Value=96000000
RCC.PLLSAIQCLKFreq_Value=96000000
RCC.PLLSAIRCLKFreq_Value=96000000
RCC.PLLSAIoutputFreq_Value=96000000
RCC.RNGFreq_Value=96000000
RCC.SAI1Freq_Value=96000000
RCC.SAI2Freq_Value=96000000
RCC.SDMMCFreq_Value=16000000
RCC.SPDIFRXFreq_Value=96000000
RCC.USBFreq_Value=96000000
RCC.VCOI2SOutputFreq_Value=192000000
RCC.VCOInputFreq_Value=1000000
RCC.VCOOutputFreq_Value=192000000
RCC.VCOSAIOutputFreq_Value=192000000
STMicroelectronics.X-CUBE-AI.3.3.0.ApplicationCcArtificialOoIntelligenceJjApplication=Validation
STMicroelectronics.X-CUBE-AI.3.3.0.ArtificialOoIntelligenceJjApplication.cmp_version0=3.3.0
STMicroelectronics.X-CUBE-AI.3.3.0.ArtificialOoIntelligenceJjApplication.component0=Artificial Intelligence
STMicroelectronics.X-CUBE-AI.3.3.0.ArtificialOoIntelligenceJjApplication.description0=AI Application,Validation on Target
STMicroelectronics.X-CUBE-AI.3.3.0.ArtificialOoIntelligenceJjApplication.diagnostic0=This component should operate correctly.
STMicroelectronics.X-CUBE-AI.3.3.0.ArtificialOoIntelligenceJjApplication.documentation0=readme.txt
STMicroelectronics.X-CUBE-AI.3.3.0.ArtificialOoIntelligenceJjApplication.group0=Application
STMicroelectronics.X-CUBE-AI.3.3.0.ArtificialOoIntelligenceJjApplication.paramName0=ApplicationCcArtificialOoIntelligenceJjApplication
STMicroelectronics.X-CUBE-AI.3.3.0.ArtificialOoIntelligenceJjApplication.sevirity0=none
STMicroelectronics.X-CUBE-AI.3.3.0.ArtificialOoIntelligenceJjApplication.variant0=Validation
STMicroelectronics.X-CUBE-AI.3.3.0.ArtificialOoIntelligenceJjApplication_Checked=true
STMicroelectronics.X-CUBE-AI.3.3.0.ArtificialOoIntelligenceJjApplication_bundle=Application
STMicroelectronics.X-CUBE-AI.3.3.0.ArtificialOoIntelligenceJjApplication_class=ArtificialOoIntelligence
STMicroelectronics.X-CUBE-AI.3.3.0.ArtificialOoIntelligenceJjApplication_name=X-CUBE-AI
STMicroelectronics.X-CUBE-AI.3.3.0.ArtificialOoIntelligenceJjApplication_size=1
STMicroelectronics.X-CUBE-AI.3.3.0.ArtificialOoIntelligenceJjApplication_vendor=STMicroelectronics
STMicroelectronics.X-CUBE-AI.3.3.0.ArtificialOoIntelligenceJjApplication_version=3.3.0
STMicroelectronics.X-CUBE-AI.3.3.0.ArtificialOoIntelligenceJjCore.cmp_version0=3.3.0
STMicroelectronics.X-CUBE-AI.3.3.0.ArtificialOoIntelligenceJjCore.component0=Artificial Intelligence
STMicroelectronics.X-CUBE-AI.3.3.0.ArtificialOoIntelligenceJjCore.description0=AI Core,Artificial Intelligence for STM32
STMicroelectronics.X-CUBE-AI.3.3.0.ArtificialOoIntelligenceJjCore.diagnostic0=This component should operate correctly.
STMicroelectronics.X-CUBE-AI.3.3.0.ArtificialOoIntelligenceJjCore.documentation0=readme.txt
STMicroelectronics.X-CUBE-AI.3.3.0.ArtificialOoIntelligenceJjCore.group0=CORE
STMicroelectronics.X-CUBE-AI.3.3.0.ArtificialOoIntelligenceJjCore.paramName0=CoreCcArtificialOoIntelligenceJjCORE
STMicroelectronics.X-CUBE-AI.3.3.0.ArtificialOoIntelligenceJjCore.sevirity0=none
STMicroelectronics.X-CUBE-AI.3.3.0.ArtificialOoIntelligenceJjCore_Checked=true
STMicroelectronics.X-CUBE-AI.3.3.0.ArtificialOoIntelligenceJjCore_bundle=Core
STMicroelectronics.X-CUBE-AI.3.3.0.ArtificialOoIntelligenceJjCore_class=ArtificialOoIntelligence
STMicroelectronics.X-CUBE-AI.3.3.0.ArtificialOoIntelligenceJjCore_name=X-CUBE-AI
STMicroelectronics.X-CUBE-AI.3.3.0.ArtificialOoIntelligenceJjCore_size=1
STMicroelectronics.X-CUBE-AI.3.3.0.ArtificialOoIntelligenceJjCore_vendor=STMicroelectronics
STMicroelectronics.X-CUBE-AI.3.3.0.ArtificialOoIntelligenceJjCore_version=3.3.0
STMicroelectronics.X-CUBE-AI.3.3.0.BSP.number=1
STMicroelectronics.X-CUBE-AI.3.3.0.CoreCcArtificialOoIntelligenceJjCORE=true
STMicroelectronics.X-CUBE-AI.3.3.0.HeapSize=0x2000
STMicroelectronics.X-CUBE-AI.3.3.0.IPParameters=CoreCcArtificialOoIntelligenceJjCORE,ApplicationCcArtificialOoIntelligenceJjApplication,ModelHashList,ModelNameList,ModelActualCompression-27cc9491f1bf357e42dc45171ca11962ca79737e54c704d2e4114e62ae6440ae,ModelCompression-27cc9491f1bf357e42dc45171ca11962ca79737e54c704d2e4114e62ae6440ae,ModelRamOccupation-27cc9491f1bf357e42dc45171ca11962ca79737e54c704d2e4114e62ae6440ae,ModelType-27cc9491f1bf357e42dc45171ca11962ca79737e54c704d2e4114e62ae6440ae,ModelKind-27cc9491f1bf357e42dc45171ca11962ca79737e54c704d2e4114e62ae6440ae,ModelStructureFile-27cc9491f1bf357e42dc45171ca11962ca79737e54c704d2e4114e62ae6440ae,ModelFlashOccupation-27cc9491f1bf357e42dc45171ca11962ca79737e54c704d2e4114e62ae6440ae,ModelMacc-27cc9491f1bf357e42dc45171ca11962ca79737e54c704d2e4114e62ae6440ae,HeapSize,StackSize,ModelName-229f1ed5062d563952075eca8946c05bc22f1ef154ee698ea7e40dc255fa54a2,ModelActualCompression-229f1ed5062d563952075eca8946c05bc22f1ef154ee698ea7e40dc255fa54a2,ModelCompression-229f1ed5062d563952075eca8946c05bc22f1ef154ee698ea7e40dc255fa54a2,ModelRamOccupation-229f1ed5062d563952075eca8946c05bc22f1ef154ee698ea7e40dc255fa54a2,ModelName-a864f63b875f576efe7f7165cb63b9b1a1b2ec7c9bf84965f9a377b24649108c,ModelActualCompression-a864f63b875f576efe7f7165cb63b9b1a1b2ec7c9bf84965f9a377b24649108c,ModelCompression-a864f63b875f576efe7f7165cb63b9b1a1b2ec7c9bf84965f9a377b24649108c,ModelRamOccupation-a864f63b875f576efe7f7165cb63b9b1a1b2ec7c9bf84965f9a377b24649108c,ModelType-a864f63b875f576efe7f7165cb63b9b1a1b2ec7c9bf84965f9a377b24649108c,ModelKind-a864f63b875f576efe7f7165cb63b9b1a1b2ec7c9bf84965f9a377b24649108c,ModelStructureFile-a864f63b875f576efe7f7165cb63b9b1a1b2ec7c9bf84965f9a377b24649108c,ModelWeightFile-a864f63b875f576efe7f7165cb63b9b1a1b2ec7c9bf84965f9a377b24649108c,ModelFlashOccupation-a864f63b875f576efe7f7165cb63b9b1a1b2ec7c9bf84965f9a377b24649108c,ModelMacc-a864f63b875f576efe7f7165cb63b9b1a1b2ec7c9bf84965f9a377b24649108c
STMicroelectronics.X-CUBE-AI.3.3.0.ModelActualCompression-229f1ed5062d563952075eca8946c05bc22f1ef154ee698ea7e40dc255fa54a2=0.0
STMicroelectronics.X-CUBE-AI.3.3.0.ModelActualCompression-27cc9491f1bf357e42dc45171ca11962ca79737e54c704d2e4114e62ae6440ae=1.0
STMicroelectronics.X-CUBE-AI.3.3.0.ModelActualCompression-a864f63b875f576efe7f7165cb63b9b1a1b2ec7c9bf84965f9a377b24649108c=0.0
STMicroelectronics.X-CUBE-AI.3.3.0.ModelCompression-229f1ed5062d563952075eca8946c05bc22f1ef154ee698ea7e40dc255fa54a2=0
STMicroelectronics.X-CUBE-AI.3.3.0.ModelCompression-27cc9491f1bf357e42dc45171ca11962ca79737e54c704d2e4114e62ae6440ae=4
STMicroelectronics.X-CUBE-AI.3.3.0.ModelCompression-a864f63b875f576efe7f7165cb63b9b1a1b2ec7c9bf84965f9a377b24649108c=0
STMicroelectronics.X-CUBE-AI.3.3.0.ModelFlashOccupation-27cc9491f1bf357e42dc45171ca11962ca79737e54c704d2e4114e62ae6440ae=-1
STMicroelectronics.X-CUBE-AI.3.3.0.ModelFlashOccupation-a864f63b875f576efe7f7165cb63b9b1a1b2ec7c9bf84965f9a377b24649108c=-1
STMicroelectronics.X-CUBE-AI.3.3.0.ModelHashList=27cc9491f1bf357e42dc45171ca11962ca79737e54c704d2e4114e62ae6440ae
STMicroelectronics.X-CUBE-AI.3.3.0.ModelKind-27cc9491f1bf357e42dc45171ca11962ca79737e54c704d2e4114e62ae6440ae=KERAS
STMicroelectronics.X-CUBE-AI.3.3.0.ModelKind-a864f63b875f576efe7f7165cb63b9b1a1b2ec7c9bf84965f9a377b24649108c=KERAS
STMicroelectronics.X-CUBE-AI.3.3.0.ModelMacc-27cc9491f1bf357e42dc45171ca11962ca79737e54c704d2e4114e62ae6440ae=0
STMicroelectronics.X-CUBE-AI.3.3.0.ModelMacc-a864f63b875f576efe7f7165cb63b9b1a1b2ec7c9bf84965f9a377b24649108c=0
STMicroelectronics.X-CUBE-AI.3.3.0.ModelName-229f1ed5062d563952075eca8946c05bc22f1ef154ee698ea7e40dc255fa54a2=network_1
STMicroelectronics.X-CUBE-AI.3.3.0.ModelName-a864f63b875f576efe7f7165cb63b9b1a1b2ec7c9bf84965f9a377b24649108c=network_2
STMicroelectronics.X-CUBE-AI.3.3.0.ModelNameList=network
STMicroelectronics.X-CUBE-AI.3.3.0.ModelRamOccupation-229f1ed5062d563952075eca8946c05bc22f1ef154ee698ea7e40dc255fa54a2=0
STMicroelectronics.X-CUBE-AI.3.3.0.ModelRamOccupation-27cc9491f1bf357e42dc45171ca11962ca79737e54c704d2e4114e62ae6440ae=-1
STMicroelectronics.X-CUBE-AI.3.3.0.ModelRamOccupation-a864f63b875f576efe7f7165cb63b9b1a1b2ec7c9bf84965f9a377b24649108c=-1
STMicroelectronics.X-CUBE-AI.3.3.0.ModelStructureFile-27cc9491f1bf357e42dc45171ca11962ca79737e54c704d2e4114e62ae6440ae=/C\:/Users/ledonger/Documents/keras_house_prediction_model.h5
STMicroelectronics.X-CUBE-AI.3.3.0.ModelStructureFile-a864f63b875f576efe7f7165cb63b9b1a1b2ec7c9bf84965f9a377b24649108c=C\:\\Users\\ledonger\\Documents\\deepnet_relu.h5
STMicroelectronics.X-CUBE-AI.3.3.0.ModelType-27cc9491f1bf357e42dc45171ca11962ca79737e54c704d2e4114e62ae6440ae=Model and Topology
STMicroelectronics.X-CUBE-AI.3.3.0.ModelType-a864f63b875f576efe7f7165cb63b9b1a1b2ec7c9bf84965f9a377b24649108c=Model and Topology
STMicroelectronics.X-CUBE-AI.3.3.0.ModelWeightFile-a864f63b875f576efe7f7165cb63b9b1a1b2ec7c9bf84965f9a377b24649108c=C\:\\git\\ai_tools_validation_v3.2.0-rc1-stable\\ai_tools_validation\\models\\keras\\mcd_lstm.json
STMicroelectronics.X-CUBE-AI.3.3.0.StackSize=0x800
STMicroelectronics.X-CUBE-AI.3.3.00.BSP.STBoard=false
STMicroelectronics.X-CUBE-AI.3.3.00.BSP.api=Unknown
STMicroelectronics.X-CUBE-AI.3.3.00.BSP.component=
STMicroelectronics.X-CUBE-AI.3.3.00.BSP.condition=
STMicroelectronics.X-CUBE-AI.3.3.00.BSP.i2caddr=0
STMicroelectronics.X-CUBE-AI.3.3.00.BSP.i2creg=
STMicroelectronics.X-CUBE-AI.3.3.00.BSP.instance=USART1
STMicroelectronics.X-CUBE-AI.3.3.00.BSP.ip=USART
STMicroelectronics.X-CUBE-AI.3.3.00.BSP.mode=Asynchronous
STMicroelectronics.X-CUBE-AI.3.3.00.BSP.name=COM Port
STMicroelectronics.X-CUBE-AI.3.3.00.BSP.semaphore=
STMicroelectronics.X-CUBE-AI.3.3.00.BSP.solution=USART1
STMicroelectronics.X-CUBE-AI.3.3.0_ArtificialOoIntelligenceJjApplication_RteComponent0=\#define AI_VALIDATION
STMicroelectronics.X-CUBE-AI.3.3.0_ArtificialOoIntelligenceJjApplication_RteComponentsize=1
STMicroelectronics.X-CUBE-AI.3.3.0_ArtificialOoIntelligenceJjCore_RteComponentsize=0
STMicroelectronics.X-CUBE-AI.3.3.0_MwName0=Core
STMicroelectronics.X-CUBE-AI.3.3.0_MwName1=Application
STMicroelectronics.X-CUBE-AI.3.3.0_NumberOfMw=2
STMicroelectronics.X-CUBE-AI.3.3.0_SwParameter=CoreCcArtificialOoIntelligenceJjCORE\:true;ApplicationCcArtificialOoIntelligenceJjApplication\:Validation;
STMicroelectronics.X-CUBE-AI.3.3.0_description=Artificial Intelligence
STMicroelectronics.X-CUBE-AI.3.3.0_license=SLA0069.txt
USART1.IPParameters=VirtualMode-Asynchronous
USART1.VirtualMode-Asynchronous=VM_ASYNC
USART3.IPParameters=VirtualMode-Asynchronous
USART3.VirtualMode-Asynchronous=VM_ASYNC
VP_CRC_VS_CRC.Mode=CRC_Activate
VP_CRC_VS_CRC.Signal=CRC_VS_CRC
VP_STMicroelectronics.X-CUBE-AI_VS_ArtificialOoIntelligenceJjApplication_3.3.0.Mode=ArtificialOoIntelligenceJjApplication
VP_STMicroelectronics.X-CUBE-AI_VS_ArtificialOoIntelligenceJjApplication_3.3.0.Signal=STMicroelectronics.X-CUBE-AI_VS_ArtificialOoIntelligenceJjApplication_3.3.0
VP_STMicroelectronics.X-CUBE-AI_VS_ArtificialOoIntelligenceJjCore_3.3.0.Mode=ArtificialOoIntelligenceJjCore
VP_STMicroelectronics.X-CUBE-AI_VS_ArtificialOoIntelligenceJjCore_3.3.0.Signal=STMicroelectronics.X-CUBE-AI_VS_ArtificialOoIntelligenceJjCore_3.3.0
VP_SYS_VS_Systick.Mode=SysTick
VP_SYS_VS_Systick.Signal=SYS_VS_Systick
board=custom
